
Microsoft Visual Studio Solution File, Format Version 12.00
# Visual Studio Version 17
VisualStudioVersion = 17.2.32616.157
MinimumVisualStudioVersion = 10.0.40219.1
Project("{FAE04EC0-301F-11D3-BF4B-00C04F79EFBC}") = "BulkyBookWeb", "BulkyBookWeb\BulkyBookWeb.csproj", "{FFCEE173-3B13-4A24-8820-A479AC219B53}"
EndProject
Global
	GlobalSection(SolutionConfigurationPlatforms) = preSolution
		Debug|Any CPU = Debug|Any CPU
		Release|Any CPU = Release|Any CPU
	EndGlobalSection
	GlobalSection(ProjectConfigurationPlatforms) = postSolution
		{FFCEE173-3B13-4A24-8820-A479AC219B53}.Debug|Any CPU.ActiveCfg = Debug|Any CPU
		{FFCEE173-3B13-4A24-8820-A479AC219B53}.Debug|Any CPU.Build.0 = Debug|Any CPU
		{FFCEE173-3B13-4A24-8820-A479AC219B53}.Release|Any CPU.ActiveCfg = Release|Any CPU
		{FFCEE173-3B13-4A24-8820-A479AC219B53}.Release|Any CPU.Build.0 = Release|Any CPU
	EndGlobalSection
	GlobalSection(SolutionProperties) = preSolution
		HideSolutionNode = FALSE
	EndGlobalSection
	GlobalSection(ExtensibilityGlobals) = postSolution
		SolutionGuid = {3AE0F415-2C04-431A-BA34-1C678B355C04}
	EndGlobalSection
EndGlobal
